// !$*UTF8*$!
{
	archiveVersion = 1;
	classes = {
	};
	objectVersion = 50;
	objects = {

/* Begin PBXBuildFile section */
		FC9B1D9A22A0719800E4B205 /* ItemDetailView.swift in Sources */ = {isa = PBXBuildFile; fileRef = FC9B1D9922A0719800E4B205 /* ItemDetailView.swift */; };
		FCCB4D172290037B00E2695F /* CheckListItem.swift in Sources */ = {isa = PBXBuildFile; fileRef = FCCB4D162290037B00E2695F /* CheckListItem.swift */; };
		FCCB4D1922900EC900E2695F /* TodoList.swift in Sources */ = {isa = PBXBuildFile; fileRef = FCCB4D1822900EC900E2695F /* TodoList.swift */; };
		FCD0DF2B228A0885008E62B4 /* AppDelegate.swift in Sources */ = {isa = PBXBuildFile; fileRef = FCD0DF2A228A0885008E62B4 /* AppDelegate.swift */; };
		FCD0DF2D228A0885008E62B4 /* ChecklistViewController.swift in Sources */ = {isa = PBXBuildFile; fileRef = FCD0DF2C228A0885008E62B4 /* ChecklistViewController.swift */; };
		FCD0DF30228A0885008E62B4 /* Main.storyboard in Resources */ = {isa = PBXBuildFile; fileRef = FCD0DF2E228A0885008E62B4 /* Main.storyboard */; };
		FCD0DF32228A0886008E62B4 /* Assets.xcassets in Resources */ = {isa = PBXBuildFile; fileRef = FCD0DF31228A0886008E62B4 /* Assets.xcassets */; };
		FCD0DF35228A0886008E62B4 /* LaunchScreen.storyboard in Resources */ = {isa = PBXBuildFile; fileRef = FCD0DF33228A0886008E62B4 /* LaunchScreen.storyboard */; };
/* End PBXBuildFile section */

/* Begin PBXFileReference section */
		FC9B1D9922A0719800E4B205 /* ItemDetailView.swift */ = {isa = PBXFileReference; lastKnownFileType = sourcecode.swift; path = ItemDetailView.swift; sourceTree = "<group>"; };
		FCCB4D162290037B00E2695F /* CheckListItem.swift */ = {isa = PBXFileReference; lastKnownFileType = sourcecode.swift; path = CheckListItem.swift; sourceTree = "<group>"; };
		FCCB4D1822900EC900E2695F /* TodoList.swift */ = {isa = PBXFileReference; lastKnownFileType = sourcecode.swift; path = TodoList.swift; sourceTree = "<group>"; };
		FCD0DF27228A0885008E62B4 /* Swift-iOS-TodoApp.app */ = {isa = PBXFileReference; explicitFileType = wrapper.application; includeInIndex = 0; path = "Swift-iOS-TodoApp.app"; sourceTree = BUILT_PRODUCTS_DIR; };
		FCD0DF2A228A0885008E62B4 /* AppDelegate.swift */ = {isa = PBXFileReference; lastKnownFileType = sourcecode.swift; path = AppDelegate.swift; sourceTree = "<group>"; };
		FCD0DF2C228A0885008E62B4 /* ChecklistViewController.swift */ = {isa = PBXFileReference; lastKnownFileType = sourcecode.swift; path = ChecklistViewController.swift; sourceTree = "<group>"; };
		FCD0DF2F228A0885008E62B4 /* Base */ = {isa = PBXFileReference; lastKnownFileType = file.storyboard; name = Base; path = Base.lproj/Main.storyboard; sourceTree = "<group>"; };
		FCD0DF31228A0886008E62B4 /* Assets.xcassets */ = {isa = PBXFileReference; lastKnownFileType = folder.assetcatalog; path = Assets.xcassets; sourceTree = "<group>"; };
		FCD0DF34228A0886008E62B4 /* Base */ = {isa = PBXFileReference; lastKnownFileType = file.storyboard; name = Base; path = Base.lproj/LaunchScreen.storyboard; sourceTree = "<group>"; };
		FCD0DF36228A0886008E62B4 /* Info.plist */ = {isa = PBXFileReference; lastKnownFileType = text.plist.xml; path = Info.plist; sourceTree = "<group>"; };
/* End PBXFileReference section */

/* Begin PBXFrameworksBuildPhase section */
		FCD0DF24228A0885008E62B4 /* Frameworks */ = {
			isa = PBXFrameworksBuildPhase;
			buildActionMask = 2147483647;
			files = (
			);
			runOnlyForDeploymentPostprocessing = 0;
		};
/* End PBXFrameworksBuildPhase section */

/* Begin PBXGroup section */
		FCD0DF1E228A0885008E62B4 = {
			isa = PBXGroup;
			children = (
				FCD0DF29228A0885008E62B4 /* Swift-iOS-TodoApp */,
				FCD0DF28228A0885008E62B4 /* Products */,
			);
			sourceTree = "<group>";
		};
		FCD0DF28228A0885008E62B4 /* Products */ = {
			isa = PBXGroup;
			children = (
				FCD0DF27228A0885008E62B4 /* Swift-iOS-TodoApp.app */,
			);
			name = Products;
			sourceTree = "<group>";
		};
		FCD0DF29228A0885008E62B4 /* Swift-iOS-TodoApp */ = {
			isa = PBXGroup;
			children = (
				FCD0DF2A228A0885008E62B4 /* AppDelegate.swift */,
				FCD0DF2C228A0885008E62B4 /* ChecklistViewController.swift */,
				FCCB4D1822900EC900E2695F /* TodoList.swift */,
				FCCB4D162290037B00E2695F /* CheckListItem.swift */,
				FCD0DF2E228A0885008E62B4 /* Main.storyboard */,
				FCD0DF31228A0886008E62B4 /* Assets.xcassets */,
				FCD0DF33228A0886008E62B4 /* LaunchScreen.storyboard */,
				FCD0DF36228A0886008E62B4 /* Info.plist */,
				FC9B1D9922A0719800E4B205 /* ItemDetailView.swift */,
			);
			path = "Swift-iOS-TodoApp";
			sourceTree = "<group>";
		};
/* End PBXGroup section */

/* Begin PBXNativeTarget section */
		FCD0DF26228A0885008E62B4 /* Swift-iOS-TodoApp */ = {
			isa = PBXNativeTarget;
			buildConfigurationList = FCD0DF39228A0886008E62B4 /* Build configuration list for PBXNativeTarget "Swift-iOS-TodoApp" */;
			buildPhases = (
				FCD0DF23228A0885008E62B4 /* Sources */,
				FCD0DF24228A0885008E62B4 /* Frameworks */,
				FCD0DF25228A0885008E62B4 /* Resources */,
			);
			buildRules = (
			);
			dependencies = (
			);
			name = "Swift-iOS-TodoApp";
			productName = "Swift-iOS-TodoApp";
			productReference = FCD0DF27228A0885008E62B4 /* Swift-iOS-TodoApp.app */;
			productType = "com.apple.product-type.application";
		};
/* End PBXNativeTarget section */

/* Begin PBXProject section */
		FCD0DF1F228A0885008E62B4 /* Project object */ = {
			isa = PBXProject;
			attributes = {
				LastSwiftUpdateCheck = 1020;
				LastUpgradeCheck = 1020;
				ORGANIZATIONNAME = "Pablo Fernandez Guerra";
				TargetAttributes = {
					FCD0DF26228A0885008E62B4 = {
						CreatedOnToolsVersion = 10.2.1;
					};
				};
			};
			buildConfigurationList = FCD0DF22228A0885008E62B4 /* Build configuration list for PBXProject "Swift-iOS-TodoApp" */;
			compatibilityVersion = "Xcode 9.3";
			developmentRegion = en;
			hasScannedForEncodings = 0;
			knownRegions = (
				en,
				Base,
			);
			mainGroup = FCD0DF1E228A0885008E62B4;
			productRefGroup = FCD0DF28228A0885008E62B4 /* Products */;
			projectDirPath = "";
			projectRoot = "";
			targets = (
				FCD0DF26228A0885008E62B4 /* Swift-iOS-TodoApp */,
			);
		};
/* End PBXProject section */

/* Begin PBXResourcesBuildPhase section */
		FCD0DF25228A0885008E62B4 /* Resources */ = {
			isa = PBXResourcesBuildPhase;
			buildActionMask = 2147483647;
			files = (
				FCD0DF35228A0886008E62B4 /* LaunchScreen.storyboard in Resources */,
				FCD0DF32228A0886008E62B4 /* Assets.xcassets in Resources */,
				FCD0DF30228A0885008E62B4 /* Main.storyboard in Resources */,
			);
			runOnlyForDeploymentPostprocessing = 0;
		};
/* End PBXResourcesBuildPhase section */

/* Begin PBXSourcesBuildPhase section */
		FCD0DF23228A0885008E62B4 /* Sources */ = {
			isa = PBXSourcesBuildPhase;
			buildActionMask = 2147483647;
			files = (
				FCD0DF2D228A0885008E62B4 /* ChecklistViewController.swift in Sources */,
				FC9B1D9A22A0719800E4B205 /* ItemDetailView.swift in Sources */,
				FCCB4D172290037B00E2695F /* CheckListItem.swift in Sources */,
				FCD0DF2B228A0885008E62B4 /* AppDelegate.swift in Sources */,
				FCCB4D1922900EC900E2695F /* TodoList.swift in Sources */,
			);
			runOnlyForDeploymentPostprocessing = 0;
		};
/* End PBXSourcesBuildPhase section */

/* Begin PBXVariantGroup section */
		FCD0DF2E228A0885008E62B4 /* Main.storyboard */ = {
			isa = PBXVariantGroup;
			children = (
				FCD0DF2F228A0885008E62B4 /* Base */,
			);
			name = Main.storyboard;
			sourceTree = "<group>";
		};
		FCD0DF33228A0886008E62B4 /* LaunchScreen.storyboard */ = {
			isa = PBXVariantGroup;
			children = (
				FCD0DF34228A0886008E62B4 /* Base */,
			);
			name = LaunchScreen.storyboard;
			sourceTree = "<group>";
		};
/* End PBXVariantGroup section */

/* Begin XCBuildConfiguration section */
		FCD0DF37228A0886008E62B4 /* Debug */ = {
			isa = XCBuildConfiguration;
			buildSettings = {
				ALWAYS_SEARCH_USER_PATHS = NO;
				CLANG_ANALYZER_NONNULL = YES;
				CLANG_ANALYZER_NUMBER_OBJECT_CONVERSION = YES_AGGRESSIVE;
				CLANG_CXX_LANGUAGE_STANDARD = "gnu++14";
				CLANG_CXX_LIBRARY = "libc++";
				CLANG_ENABLE_MODULES = YES;
				CLANG_ENABLE_OBJC_ARC = YES;
				CLANG_ENABLE_OBJC_WEAK = YES;
				CLANG_WARN_BLOCK_CAPTURE_AUTORELEASING = YES;
				CLANG_WARN_BOOL_CONVERSION = YES;
				CLANG_WARN_COMMA = YES;
				CLANG_WARN_CONSTANT_CONVERSION = YES;
				CLANG_WARN_DEPRECATED_OBJC_IMPLEMENTATIONS = YES;
				CLANG_WARN_DIRECT_OBJC_ISA_USAGE = YES_ERROR;
				CLANG_WARN_DOCUMENTATION_COMMENTS = YES;
				CLANG_WARN_EMPTY_BODY = YES;
				CLANG_WARN_ENUM_CONVERSION = YES;
				CLANG_WARN_INFINITE_RECURSION = YES;
				CLANG_WARN_INT_CONVERSION = YES;
				CLANG_WARN_NON_LITERAL_NULL_CONVERSION = YES;
				CLANG_WARN_OBJC_IMPLICIT_RETAIN_SELF = YES;
				CLANG_WARN_OBJC_LITERAL_CONVERSION = YES;
				CLANG_WARN_OBJC_ROOT_CLASS = YES_ERROR;
				CLANG_WARN_RANGE_LOOP_ANALYSIS = YES;
				CLANG_WARN_STRICT_PROTOTYPES = YES;
				CLANG_WARN_SUSPICIOUS_MOVE = YES;
				CLANG_WARN_UNGUARDED_AVAILABILITY = YES_AGGRESSIVE;
				CLANG_WARN_UNREACHABLE_CODE = YES;
				CLANG_WARN__DUPLICATE_METHOD_MATCH = YES;
				CODE_SIGN_IDENTITY = "iPhone Developer";
				COPY_PHASE_STRIP = NO;
				DEBUG_INFORMATION_FORMAT = dwarf;
				ENABLE_STRICT_OBJC_MSGSEND = YES;
				ENABLE_TESTABILITY = YES;
				GCC_C_LANGUAGE_STANDARD = gnu11;
				GCC_DYNAMIC_NO_PIC = NO;
				GCC_NO_COMMON_BLOCKS = YES;
				GCC_OPTIMIZATION_LEVEL = 0;
				GCC_PREPROCESSOR_DEFINITIONS = (
					"DEBUG=1",
					"$(inherited)",
				);
				GCC_WARN_64_TO_32_BIT_CONVERSION = YES;
				GCC_WARN_ABOUT_RETURN_TYPE = YES_ERROR;
				GCC_WARN_UNDECLARED_SELECTOR = YES;
				GCC_WARN_UNINITIALIZED_AUTOS = YES_AGGRESSIVE;
				GCC_WARN_UNUSED_FUNCTION = YES;
				GCC_WARN_UNUSED_VARIABLE = YES;
				IPHONEOS_DEPLOYMENT_TARGET = 12.2;
				MTL_ENABLE_DEBUG_INFO = INCLUDE_SOURCE;
				MTL_FAST_MATH = YES;
				ONLY_ACTIVE_ARCH = YES;
				SDKROOT = iphoneos;
				SWIFT_ACTIVE_COMPILATION_CONDITIONS = DEBUG;
				SWIFT_OPTIMIZATION_LEVEL = "-Onone";
			};
			name = Debug;
		};
		FCD0DF38228A0886008E62B4 /* Release */ = {
			isa = XCBuildConfiguration;
			buildSettings = {
				ALWAYS_SEARCH_USER_PATHS = NO;
				CLANG_ANALYZER_NONNULL = YES;
				CLANG_ANALYZER_NUMBER_OBJECT_CONVERSION = YES_AGGRESSIVE;
				CLANG_CXX_LANGUAGE_STANDARD = "gnu++14";
				CLANG_CXX_LIBRARY = "libc++";
				CLANG_ENABLE_MODULES = YES;
				CLANG_ENABLE_OBJC_ARC = YES;
				CLANG_ENABLE_OBJC_WEAK = YES;
				CLANG_WARN_BLOCK_CAPTURE_AUTORELEASING = YES;
				CLANG_WARN_BOOL_CONVERSION = YES;
				CLANG_WARN_COMMA = YES;
				CLANG_WARN_CONSTANT_CONVERSION = YES;
				CLANG_WARN_DEPRECATED_OBJC_IMPLEMENTATIONS = YES;
				CLANG_WARN_DIRECT_OBJC_ISA_USAGE = YES_ERROR;
				CLANG_WARN_DOCUMENTATION_COMMENTS = YES;
				CLANG_WARN_EMPTY_BODY = YES;
				CLANG_WARN_ENUM_CONVERSION = YES;
				CLANG_WARN_INFINITE_RECURSION = YES;
				CLANG_WARN_INT_CONVERSION = YES;
				CLANG_WARN_NON_LITERAL_NULL_CONVERSION = YES;
				CLANG_WARN_OBJC_IMPLICIT_RETAIN_SELF = YES;
				CLANG_WARN_OBJC_LITERAL_CONVERSION = YES;
				CLANG_WARN_OBJC_ROOT_CLASS = YES_ERROR;
				CLANG_WARN_RANGE_LOOP_ANALYSIS = YES;
				CLANG_WARN_STRICT_PROTOTYPES = YES;
				CLANG_WARN_SUSPICIOUS_MOVE = YES;
				CLANG_WARN_UNGUARDED_AVAILABILITY = YES_AGGRESSIVE;
				CLANG_WARN_UNREACHABLE_CODE = YES;
				CLANG_WARN__DUPLICATE_METHOD_MATCH = YES;
				CODE_SIGN_IDENTITY = "iPhone Developer";
				COPY_PHASE_STRIP = NO;
				DEBUG_INFORMATION_FORMAT = "dwarf-with-dsym";
				ENABLE_NS_ASSERTIONS = NO;
				ENABLE_STRICT_OBJC_MSGSEND = YES;
				GCC_C_LANGUAGE_STANDARD = gnu11;
				GCC_NO_COMMON_BLOCKS = YES;
				GCC_WARN_64_TO_32_BIT_CONVERSION = YES;
				GCC_WARN_ABOUT_RETURN_TYPE = YES_ERROR;
				GCC_WARN_UNDECLARED_SELECTOR = YES;
				GCC_WARN_UNINITIALIZED_AUTOS = YES_AGGRESSIVE;
				GCC_WARN_UNUSED_FUNCTION = YES;
				GCC_WARN_UNUSED_VARIABLE = YES;
				IPHONEOS_DEPLOYMENT_TARGET = 12.2;
				MTL_ENABLE_DEBUG_INFO = NO;
				MTL_FAST_MATH = YES;
				SDKROOT = iphoneos;
				SWIFT_COMPILATION_MODE = wholemodule;
				SWIFT_OPTIMIZATION_LEVEL = "-O";
				VALIDATE_PRODUCT = YES;
			};
			name = Release;
		};
		FCD0DF3A228A0886008E62B4 /* Debug */ = {
			isa = XCBuildConfiguration;
			buildSettings = {
				ASSETCATALOG_COMPILER_APPICON_NAME = AppIcon;
				CODE_SIGN_STYLE = Automatic;
				INFOPLIST_FILE = "Swift-iOS-TodoApp/Info.plist";
				LD_RUNPATH_SEARCH_PATHS = (
					"$(inherited)",
					"@executable_path/Frameworks",
				);
				PRODUCT_BUNDLE_IDENTIFIER = "com.pabloimrik17.Swift-iOS-TodoApp";
				PRODUCT_NAME = "$(TARGET_NAME)";
				SWIFT_VERSION = 5.0;
				TARGETED_DEVICE_FAMILY = "1,2";
			};
			name = Debug;
		};
		FCD0DF3B228A0886008E62B4 /* Release */ = {
			isa = XCBuildConfiguration;
			buildSettings = {
				ASSETCATALOG_COMPILER_APPICON_NAME = AppIcon;
				CODE_SIGN_STYLE = Automatic;
				INFOPLIST_FILE = "Swift-iOS-TodoApp/Info.plist";
				LD_RUNPATH_SEARCH_PATHS = (
					"$(inherited)",
					"@executable_path/Frameworks",
				);
				PRODUCT_BUNDLE_IDENTIFIER = "com.pabloimrik17.Swift-iOS-TodoApp";
				PRODUCT_NAME = "$(TARGET_NAME)";
				SWIFT_VERSION = 5.0;
				TARGETED_DEVICE_FAMILY = "1,2";
			};
			name = Release;
		};
/* End XCBuildConfiguration section */

/* Begin XCConfigurationList section */
		FCD0DF22228A0885008E62B4 /* Build configuration list for PBXProject "Swift-iOS-TodoApp" */ = {
			isa = XCConfigurationList;
			buildConfigurations = (
				FCD0DF37228A0886008E62B4 /* Debug */,
				FCD0DF38228A0886008E62B4 /* Release */,
			);
			defaultConfigurationIsVisible = 0;
			defaultConfigurationName = Release;
		};
		FCD0DF39228A0886008E62B4 /* Build configuration list for PBXNativeTarget "Swift-iOS-TodoApp" */ = {
			isa = XCConfigurationList;
			buildConfigurations = (
				FCD0DF3A228A0886008E62B4 /* Debug */,
				FCD0DF3B228A0886008E62B4 /* Release */,
			);
			defaultConfigurationIsVisible = 0;
			defaultConfigurationName = Release;
		};
/* End XCConfigurationList section */
	};
	rootObject = FCD0DF1F228A0885008E62B4 /* Project object */;
}
